
Microsoft Visual Studio Solution File, Format Version 12.00
# Visual Studio Version 16
VisualStudioVersion = 16.0.31702.278
MinimumVisualStudioVersion = 10.0.40219.1
Project("{FAE04EC0-301F-11D3-BF4B-00C04F79EFBC}") = "URI1011", "URI1011\URI1011.csproj", "{E3A40A80-24C1-43E8-9BC3-02744D6BD745}"
EndProject
Global
	GlobalSection(SolutionConfigurationPlatforms) = preSolution
		Debug|Any CPU = Debug|Any CPU
		Release|Any CPU = Release|Any CPU
	EndGlobalSection
	GlobalSection(ProjectConfigurationPlatforms) = postSolution
		{E3A40A80-24C1-43E8-9BC3-02744D6BD745}.Debug|Any CPU.ActiveCfg = Debug|Any CPU
		{E3A40A80-24C1-43E8-9BC3-02744D6BD745}.Debug|Any CPU.Build.0 = Debug|Any CPU
		{E3A40A80-24C1-43E8-9BC3-02744D6BD745}.Release|Any CPU.ActiveCfg = Release|Any CPU
		{E3A40A80-24C1-43E8-9BC3-02744D6BD745}.Release|Any CPU.Build.0 = Release|Any CPU
	EndGlobalSection
	GlobalSection(SolutionProperties) = preSolution
		HideSolutionNode = FALSE
	EndGlobalSection
	GlobalSection(ExtensibilityGlobals) = postSolution
		SolutionGuid = {97095918-C9D3-48BD-BD8B-1C83F8D8F47D}
	EndGlobalSection
EndGlobal
