
Microsoft Visual Studio Solution File, Format Version 12.00
# Visual Studio Version 16
VisualStudioVersion = 16.0.31702.278
MinimumVisualStudioVersion = 10.0.40219.1
Project("{FAE04EC0-301F-11D3-BF4B-00C04F79EFBC}") = "URI2013", "URI2013\URI2013.csproj", "{C864C5F5-1CE2-41BA-9BDF-E22198B12327}"
EndProject
Global
	GlobalSection(SolutionConfigurationPlatforms) = preSolution
		Debug|Any CPU = Debug|Any CPU
		Release|Any CPU = Release|Any CPU
	EndGlobalSection
	GlobalSection(ProjectConfigurationPlatforms) = postSolution
		{C864C5F5-1CE2-41BA-9BDF-E22198B12327}.Debug|Any CPU.ActiveCfg = Debug|Any CPU
		{C864C5F5-1CE2-41BA-9BDF-E22198B12327}.Debug|Any CPU.Build.0 = Debug|Any CPU
		{C864C5F5-1CE2-41BA-9BDF-E22198B12327}.Release|Any CPU.ActiveCfg = Release|Any CPU
		{C864C5F5-1CE2-41BA-9BDF-E22198B12327}.Release|Any CPU.Build.0 = Release|Any CPU
	EndGlobalSection
	GlobalSection(SolutionProperties) = preSolution
		HideSolutionNode = FALSE
	EndGlobalSection
	GlobalSection(ExtensibilityGlobals) = postSolution
		SolutionGuid = {57855524-048A-4D07-AD2E-D99FA5ECF667}
	EndGlobalSection
EndGlobal
